// !$*UTF8*$!
{
	archiveVersion = 1;
	classes = {
	};
	objectVersion = 50;
	objects = {

/* Begin PBXBuildFile section */
		40EB338125EC4A0000836BE5 /* Skunk WatchKit App.app in Embed Watch Content */ = {isa = PBXBuildFile; fileRef = 40EB338025EC4A0000836BE5 /* Skunk WatchKit App.app */; settings = {ATTRIBUTES = (RemoveHeadersOnCopy, ); }; };
		40EB338625EC4A0100836BE5 /* Assets.xcassets in Resources */ = {isa = PBXBuildFile; fileRef = 40EB338525EC4A0100836BE5 /* Assets.xcassets */; };
		40EB338D25EC4A0100836BE5 /* Skunk WatchKit Extension.appex in Embed App Extensions */ = {isa = PBXBuildFile; fileRef = 40EB338C25EC4A0100836BE5 /* Skunk WatchKit Extension.appex */; settings = {ATTRIBUTES = (RemoveHeadersOnCopy, ); }; };
		40EB339225EC4A0100836BE5 /* SkunkApp.swift in Sources */ = {isa = PBXBuildFile; fileRef = 40EB339125EC4A0100836BE5 /* SkunkApp.swift */; };
		40EB339425EC4A0100836BE5 /* ContentView.swift in Sources */ = {isa = PBXBuildFile; fileRef = 40EB339325EC4A0100836BE5 /* ContentView.swift */; };
		40EB339625EC4A0100836BE5 /* NotificationController.swift in Sources */ = {isa = PBXBuildFile; fileRef = 40EB339525EC4A0100836BE5 /* NotificationController.swift */; };
		40EB339825EC4A0100836BE5 /* NotificationView.swift in Sources */ = {isa = PBXBuildFile; fileRef = 40EB339725EC4A0100836BE5 /* NotificationView.swift */; };
		40EB339A25EC4A0100836BE5 /* ComplicationController.swift in Sources */ = {isa = PBXBuildFile; fileRef = 40EB339925EC4A0100836BE5 /* ComplicationController.swift */; };
		40EB339C25EC4A0200836BE5 /* Assets.xcassets in Resources */ = {isa = PBXBuildFile; fileRef = 40EB339B25EC4A0200836BE5 /* Assets.xcassets */; };
		40EB339F25EC4A0200836BE5 /* Preview Assets.xcassets in Resources */ = {isa = PBXBuildFile; fileRef = 40EB339E25EC4A0200836BE5 /* Preview Assets.xcassets */; };
/* End PBXBuildFile section */

/* Begin PBXContainerItemProxy section */
		40EB338225EC4A0000836BE5 /* PBXContainerItemProxy */ = {
			isa = PBXContainerItemProxy;
			containerPortal = 40EB337625EC4A0000836BE5 /* Project object */;
			proxyType = 1;
			remoteGlobalIDString = 40EB337F25EC4A0000836BE5;
			remoteInfo = "Skunk WatchKit App";
		};
		40EB338E25EC4A0100836BE5 /* PBXContainerItemProxy */ = {
			isa = PBXContainerItemProxy;
			containerPortal = 40EB337625EC4A0000836BE5 /* Project object */;
			proxyType = 1;
			remoteGlobalIDString = 40EB338B25EC4A0100836BE5;
			remoteInfo = "Skunk WatchKit Extension";
		};
/* End PBXContainerItemProxy section */

/* Begin PBXCopyFilesBuildPhase section */
		40EB33A725EC4A0200836BE5 /* Embed App Extensions */ = {
			isa = PBXCopyFilesBuildPhase;
			buildActionMask = 2147483647;
			dstPath = "";
			dstSubfolderSpec = 13;
			files = (
				40EB338D25EC4A0100836BE5 /* Skunk WatchKit Extension.appex in Embed App Extensions */,
			);
			name = "Embed App Extensions";
			runOnlyForDeploymentPostprocessing = 0;
		};
		40EB33AB25EC4A0200836BE5 /* Embed Watch Content */ = {
			isa = PBXCopyFilesBuildPhase;
			buildActionMask = 2147483647;
			dstPath = "$(CONTENTS_FOLDER_PATH)/Watch";
			dstSubfolderSpec = 16;
			files = (
				40EB338125EC4A0000836BE5 /* Skunk WatchKit App.app in Embed Watch Content */,
			);
			name = "Embed Watch Content";
			runOnlyForDeploymentPostprocessing = 0;
		};
/* End PBXCopyFilesBuildPhase section */

/* Begin PBXFileReference section */
		40EB337C25EC4A0000836BE5 /* Skunk.app */ = {isa = PBXFileReference; explicitFileType = wrapper.application; includeInIndex = 0; path = Skunk.app; sourceTree = BUILT_PRODUCTS_DIR; };
		40EB338025EC4A0000836BE5 /* Skunk WatchKit App.app */ = {isa = PBXFileReference; explicitFileType = wrapper.application; includeInIndex = 0; path = "Skunk WatchKit App.app"; sourceTree = BUILT_PRODUCTS_DIR; };
		40EB338525EC4A0100836BE5 /* Assets.xcassets */ = {isa = PBXFileReference; lastKnownFileType = folder.assetcatalog; path = Assets.xcassets; sourceTree = "<group>"; };
		40EB338725EC4A0100836BE5 /* Info.plist */ = {isa = PBXFileReference; lastKnownFileType = text.plist.xml; path = Info.plist; sourceTree = "<group>"; };
		40EB338C25EC4A0100836BE5 /* Skunk WatchKit Extension.appex */ = {isa = PBXFileReference; explicitFileType = "wrapper.app-extension"; includeInIndex = 0; path = "Skunk WatchKit Extension.appex"; sourceTree = BUILT_PRODUCTS_DIR; };
		40EB339125EC4A0100836BE5 /* SkunkApp.swift */ = {isa = PBXFileReference; lastKnownFileType = sourcecode.swift; path = SkunkApp.swift; sourceTree = "<group>"; };
		40EB339325EC4A0100836BE5 /* ContentView.swift */ = {isa = PBXFileReference; lastKnownFileType = sourcecode.swift; path = ContentView.swift; sourceTree = "<group>"; };
		40EB339525EC4A0100836BE5 /* NotificationController.swift */ = {isa = PBXFileReference; lastKnownFileType = sourcecode.swift; path = NotificationController.swift; sourceTree = "<group>"; };
		40EB339725EC4A0100836BE5 /* NotificationView.swift */ = {isa = PBXFileReference; lastKnownFileType = sourcecode.swift; path = NotificationView.swift; sourceTree = "<group>"; };
		40EB339925EC4A0100836BE5 /* ComplicationController.swift */ = {isa = PBXFileReference; lastKnownFileType = sourcecode.swift; path = ComplicationController.swift; sourceTree = "<group>"; };
		40EB339B25EC4A0200836BE5 /* Assets.xcassets */ = {isa = PBXFileReference; lastKnownFileType = folder.assetcatalog; path = Assets.xcassets; sourceTree = "<group>"; };
		40EB339E25EC4A0200836BE5 /* Preview Assets.xcassets */ = {isa = PBXFileReference; lastKnownFileType = folder.assetcatalog; path = "Preview Assets.xcassets"; sourceTree = "<group>"; };
		40EB33A025EC4A0200836BE5 /* Info.plist */ = {isa = PBXFileReference; lastKnownFileType = text.plist.xml; path = Info.plist; sourceTree = "<group>"; };
		40EB33A125EC4A0200836BE5 /* PushNotificationPayload.apns */ = {isa = PBXFileReference; lastKnownFileType = text; path = PushNotificationPayload.apns; sourceTree = "<group>"; };
/* End PBXFileReference section */

/* Begin PBXFrameworksBuildPhase section */
		40EB338925EC4A0100836BE5 /* Frameworks */ = {
			isa = PBXFrameworksBuildPhase;
			buildActionMask = 2147483647;
			files = (
			);
			runOnlyForDeploymentPostprocessing = 0;
		};
/* End PBXFrameworksBuildPhase section */

/* Begin PBXGroup section */
		40EB337525EC4A0000836BE5 = {
			isa = PBXGroup;
			children = (
				40EB338425EC4A0000836BE5 /* Skunk WatchKit App */,
				40EB339025EC4A0100836BE5 /* Skunk WatchKit Extension */,
				40EB337D25EC4A0000836BE5 /* Products */,
			);
			sourceTree = "<group>";
		};
		40EB337D25EC4A0000836BE5 /* Products */ = {
			isa = PBXGroup;
			children = (
				40EB337C25EC4A0000836BE5 /* Skunk.app */,
				40EB338025EC4A0000836BE5 /* Skunk WatchKit App.app */,
				40EB338C25EC4A0100836BE5 /* Skunk WatchKit Extension.appex */,
			);
			name = Products;
			sourceTree = "<group>";
		};
		40EB338425EC4A0000836BE5 /* Skunk WatchKit App */ = {
			isa = PBXGroup;
			children = (
				40EB338525EC4A0100836BE5 /* Assets.xcassets */,
				40EB338725EC4A0100836BE5 /* Info.plist */,
			);
			path = "Skunk WatchKit App";
			sourceTree = "<group>";
		};
		40EB339025EC4A0100836BE5 /* Skunk WatchKit Extension */ = {
			isa = PBXGroup;
			children = (
				40EB339125EC4A0100836BE5 /* SkunkApp.swift */,
				40EB339325EC4A0100836BE5 /* ContentView.swift */,
				40EB339525EC4A0100836BE5 /* NotificationController.swift */,
				40EB339725EC4A0100836BE5 /* NotificationView.swift */,
				40EB339925EC4A0100836BE5 /* ComplicationController.swift */,
				40EB339B25EC4A0200836BE5 /* Assets.xcassets */,
				40EB33A025EC4A0200836BE5 /* Info.plist */,
				40EB33A125EC4A0200836BE5 /* PushNotificationPayload.apns */,
				40EB339D25EC4A0200836BE5 /* Preview Content */,
			);
			path = "Skunk WatchKit Extension";
			sourceTree = "<group>";
		};
		40EB339D25EC4A0200836BE5 /* Preview Content */ = {
			isa = PBXGroup;
			children = (
				40EB339E25EC4A0200836BE5 /* Preview Assets.xcassets */,
			);
			path = "Preview Content";
			sourceTree = "<group>";
		};
/* End PBXGroup section */

/* Begin PBXNativeTarget section */
		40EB337B25EC4A0000836BE5 /* Skunk */ = {
			isa = PBXNativeTarget;
			buildConfigurationList = 40EB33AC25EC4A0200836BE5 /* Build configuration list for PBXNativeTarget "Skunk" */;
			buildPhases = (
				40EB337A25EC4A0000836BE5 /* Resources */,
				40EB33AB25EC4A0200836BE5 /* Embed Watch Content */,
			);
			buildRules = (
			);
			dependencies = (
				40EB338325EC4A0000836BE5 /* PBXTargetDependency */,
			);
			name = Skunk;
			productName = Skunk;
			productReference = 40EB337C25EC4A0000836BE5 /* Skunk.app */;
			productType = "com.apple.product-type.application.watchapp2-container";
		};
		40EB337F25EC4A0000836BE5 /* Skunk WatchKit App */ = {
			isa = PBXNativeTarget;
			buildConfigurationList = 40EB33A825EC4A0200836BE5 /* Build configuration list for PBXNativeTarget "Skunk WatchKit App" */;
			buildPhases = (
				40EB337E25EC4A0000836BE5 /* Resources */,
				40EB33A725EC4A0200836BE5 /* Embed App Extensions */,
			);
			buildRules = (
			);
			dependencies = (
				40EB338F25EC4A0100836BE5 /* PBXTargetDependency */,
			);
			name = "Skunk WatchKit App";
			productName = "Skunk WatchKit App";
			productReference = 40EB338025EC4A0000836BE5 /* Skunk WatchKit App.app */;
			productType = "com.apple.product-type.application.watchapp2";
		};
		40EB338B25EC4A0100836BE5 /* Skunk WatchKit Extension */ = {
			isa = PBXNativeTarget;
			buildConfigurationList = 40EB33A425EC4A0200836BE5 /* Build configuration list for PBXNativeTarget "Skunk WatchKit Extension" */;
			buildPhases = (
				40EB338825EC4A0100836BE5 /* Sources */,
				40EB338925EC4A0100836BE5 /* Frameworks */,
				40EB338A25EC4A0100836BE5 /* Resources */,
			);
			buildRules = (
			);
			dependencies = (
			);
			name = "Skunk WatchKit Extension";
			productName = "Skunk WatchKit Extension";
			productReference = 40EB338C25EC4A0100836BE5 /* Skunk WatchKit Extension.appex */;
			productType = "com.apple.product-type.watchkit2-extension";
		};
/* End PBXNativeTarget section */

/* Begin PBXProject section */
		40EB337625EC4A0000836BE5 /* Project object */ = {
			isa = PBXProject;
			attributes = {
				LastSwiftUpdateCheck = 1240;
				LastUpgradeCheck = 1240;
				TargetAttributes = {
					40EB337B25EC4A0000836BE5 = {
						CreatedOnToolsVersion = 12.4;
					};
					40EB337F25EC4A0000836BE5 = {
						CreatedOnToolsVersion = 12.4;
					};
					40EB338B25EC4A0100836BE5 = {
						CreatedOnToolsVersion = 12.4;
					};
				};
			};
			buildConfigurationList = 40EB337925EC4A0000836BE5 /* Build configuration list for PBXProject "Skunk" */;
			compatibilityVersion = "Xcode 9.3";
			developmentRegion = en;
			hasScannedForEncodings = 0;
			knownRegions = (
				en,
				Base,
			);
			mainGroup = 40EB337525EC4A0000836BE5;
			productRefGroup = 40EB337D25EC4A0000836BE5 /* Products */;
			projectDirPath = "";
			projectRoot = "";
			targets = (
				40EB337B25EC4A0000836BE5 /* Skunk */,
				40EB337F25EC4A0000836BE5 /* Skunk WatchKit App */,
				40EB338B25EC4A0100836BE5 /* Skunk WatchKit Extension */,
			);
		};
/* End PBXProject section */

/* Begin PBXResourcesBuildPhase section */
		40EB337A25EC4A0000836BE5 /* Resources */ = {
			isa = PBXResourcesBuildPhase;
			buildActionMask = 2147483647;
			files = (
			);
			runOnlyForDeploymentPostprocessing = 0;
		};
		40EB337E25EC4A0000836BE5 /* Resources */ = {
			isa = PBXResourcesBuildPhase;
			buildActionMask = 2147483647;
			files = (
				40EB338625EC4A0100836BE5 /* Assets.xcassets in Resources */,
			);
			runOnlyForDeploymentPostprocessing = 0;
		};
		40EB338A25EC4A0100836BE5 /* Resources */ = {
			isa = PBXResourcesBuildPhase;
			buildActionMask = 2147483647;
			files = (
				40EB339F25EC4A0200836BE5 /* Preview Assets.xcassets in Resources */,
				40EB339C25EC4A0200836BE5 /* Assets.xcassets in Resources */,
			);
			runOnlyForDeploymentPostprocessing = 0;
		};
/* End PBXResourcesBuildPhase section */

/* Begin PBXSourcesBuildPhase section */
		40EB338825EC4A0100836BE5 /* Sources */ = {
			isa = PBXSourcesBuildPhase;
			buildActionMask = 2147483647;
			files = (
				40EB339625EC4A0100836BE5 /* NotificationController.swift in Sources */,
				40EB339425EC4A0100836BE5 /* ContentView.swift in Sources */,
				40EB339A25EC4A0100836BE5 /* ComplicationController.swift in Sources */,
				40EB339225EC4A0100836BE5 /* SkunkApp.swift in Sources */,
				40EB339825EC4A0100836BE5 /* NotificationView.swift in Sources */,
			);
			runOnlyForDeploymentPostprocessing = 0;
		};
/* End PBXSourcesBuildPhase section */

/* Begin PBXTargetDependency section */
		40EB338325EC4A0000836BE5 /* PBXTargetDependency */ = {
			isa = PBXTargetDependency;
			target = 40EB337F25EC4A0000836BE5 /* Skunk WatchKit App */;
			targetProxy = 40EB338225EC4A0000836BE5 /* PBXContainerItemProxy */;
		};
		40EB338F25EC4A0100836BE5 /* PBXTargetDependency */ = {
			isa = PBXTargetDependency;
			target = 40EB338B25EC4A0100836BE5 /* Skunk WatchKit Extension */;
			targetProxy = 40EB338E25EC4A0100836BE5 /* PBXContainerItemProxy */;
		};
/* End PBXTargetDependency section */

/* Begin XCBuildConfiguration section */
		40EB33A225EC4A0200836BE5 /* Debug */ = {
			isa = XCBuildConfiguration;
			buildSettings = {
				ALWAYS_SEARCH_USER_PATHS = NO;
				CLANG_ANALYZER_NONNULL = YES;
				CLANG_ANALYZER_NUMBER_OBJECT_CONVERSION = YES_AGGRESSIVE;
				CLANG_CXX_LANGUAGE_STANDARD = "gnu++14";
				CLANG_CXX_LIBRARY = "libc++";
				CLANG_ENABLE_MODULES = YES;
				CLANG_ENABLE_OBJC_ARC = YES;
				CLANG_ENABLE_OBJC_WEAK = YES;
				CLANG_WARN_BLOCK_CAPTURE_AUTORELEASING = YES;
				CLANG_WARN_BOOL_CONVERSION = YES;
				CLANG_WARN_COMMA = YES;
				CLANG_WARN_CONSTANT_CONVERSION = YES;
				CLANG_WARN_DEPRECATED_OBJC_IMPLEMENTATIONS = YES;
				CLANG_WARN_DIRECT_OBJC_ISA_USAGE = YES_ERROR;
				CLANG_WARN_DOCUMENTATION_COMMENTS = YES;
				CLANG_WARN_EMPTY_BODY = YES;
				CLANG_WARN_ENUM_CONVERSION = YES;
				CLANG_WARN_INFINITE_RECURSION = YES;
				CLANG_WARN_INT_CONVERSION = YES;
				CLANG_WARN_NON_LITERAL_NULL_CONVERSION = YES;
				CLANG_WARN_OBJC_IMPLICIT_RETAIN_SELF = YES;
				CLANG_WARN_OBJC_LITERAL_CONVERSION = YES;
				CLANG_WARN_OBJC_ROOT_CLASS = YES_ERROR;
				CLANG_WARN_QUOTED_INCLUDE_IN_FRAMEWORK_HEADER = YES;
				CLANG_WARN_RANGE_LOOP_ANALYSIS = YES;
				CLANG_WARN_STRICT_PROTOTYPES = YES;
				CLANG_WARN_SUSPICIOUS_MOVE = YES;
				CLANG_WARN_UNGUARDED_AVAILABILITY = YES_AGGRESSIVE;
				CLANG_WARN_UNREACHABLE_CODE = YES;
				CLANG_WARN__DUPLICATE_METHOD_MATCH = YES;
				COPY_PHASE_STRIP = NO;
				DEBUG_INFORMATION_FORMAT = dwarf;
				ENABLE_STRICT_OBJC_MSGSEND = YES;
				ENABLE_TESTABILITY = YES;
				GCC_C_LANGUAGE_STANDARD = gnu11;
				GCC_DYNAMIC_NO_PIC = NO;
				GCC_NO_COMMON_BLOCKS = YES;
				GCC_OPTIMIZATION_LEVEL = 0;
				GCC_PREPROCESSOR_DEFINITIONS = (
					"DEBUG=1",
					"$(inherited)",
				);
				GCC_WARN_64_TO_32_BIT_CONVERSION = YES;
				GCC_WARN_ABOUT_RETURN_TYPE = YES_ERROR;
				GCC_WARN_UNDECLARED_SELECTOR = YES;
				GCC_WARN_UNINITIALIZED_AUTOS = YES_AGGRESSIVE;
				GCC_WARN_UNUSED_FUNCTION = YES;
				GCC_WARN_UNUSED_VARIABLE = YES;
				MTL_ENABLE_DEBUG_INFO = INCLUDE_SOURCE;
				MTL_FAST_MATH = YES;
				ONLY_ACTIVE_ARCH = YES;
				SDKROOT = iphoneos;
				SWIFT_ACTIVE_COMPILATION_CONDITIONS = DEBUG;
				SWIFT_OPTIMIZATION_LEVEL = "-Onone";
			};
			name = Debug;
		};
		40EB33A325EC4A0200836BE5 /* Release */ = {
			isa = XCBuildConfiguration;
			buildSettings = {
				ALWAYS_SEARCH_USER_PATHS = NO;
				CLANG_ANALYZER_NONNULL = YES;
				CLANG_ANALYZER_NUMBER_OBJECT_CONVERSION = YES_AGGRESSIVE;
				CLANG_CXX_LANGUAGE_STANDARD = "gnu++14";
				CLANG_CXX_LIBRARY = "libc++";
				CLANG_ENABLE_MODULES = YES;
				CLANG_ENABLE_OBJC_ARC = YES;
				CLANG_ENABLE_OBJC_WEAK = YES;
				CLANG_WARN_BLOCK_CAPTURE_AUTORELEASING = YES;
				CLANG_WARN_BOOL_CONVERSION = YES;
				CLANG_WARN_COMMA = YES;
				CLANG_WARN_CONSTANT_CONVERSION = YES;
				CLANG_WARN_DEPRECATED_OBJC_IMPLEMENTATIONS = YES;
				CLANG_WARN_DIRECT_OBJC_ISA_USAGE = YES_ERROR;
				CLANG_WARN_DOCUMENTATION_COMMENTS = YES;
				CLANG_WARN_EMPTY_BODY = YES;
				CLANG_WARN_ENUM_CONVERSION = YES;
				CLANG_WARN_INFINITE_RECURSION = YES;
				CLANG_WARN_INT_CONVERSION = YES;
				CLANG_WARN_NON_LITERAL_NULL_CONVERSION = YES;
				CLANG_WARN_OBJC_IMPLICIT_RETAIN_SELF = YES;
				CLANG_WARN_OBJC_LITERAL_CONVERSION = YES;
				CLANG_WARN_OBJC_ROOT_CLASS = YES_ERROR;
				CLANG_WARN_QUOTED_INCLUDE_IN_FRAMEWORK_HEADER = YES;
				CLANG_WARN_RANGE_LOOP_ANALYSIS = YES;
				CLANG_WARN_STRICT_PROTOTYPES = YES;
				CLANG_WARN_SUSPICIOUS_MOVE = YES;
				CLANG_WARN_UNGUARDED_AVAILABILITY = YES_AGGRESSIVE;
				CLANG_WARN_UNREACHABLE_CODE = YES;
				CLANG_WARN__DUPLICATE_METHOD_MATCH = YES;
				COPY_PHASE_STRIP = NO;
				DEBUG_INFORMATION_FORMAT = "dwarf-with-dsym";
				ENABLE_NS_ASSERTIONS = NO;
				ENABLE_STRICT_OBJC_MSGSEND = YES;
				GCC_C_LANGUAGE_STANDARD = gnu11;
				GCC_NO_COMMON_BLOCKS = YES;
				GCC_WARN_64_TO_32_BIT_CONVERSION = YES;
				GCC_WARN_ABOUT_RETURN_TYPE = YES_ERROR;
				GCC_WARN_UNDECLARED_SELECTOR = YES;
				GCC_WARN_UNINITIALIZED_AUTOS = YES_AGGRESSIVE;
				GCC_WARN_UNUSED_FUNCTION = YES;
				GCC_WARN_UNUSED_VARIABLE = YES;
				MTL_ENABLE_DEBUG_INFO = NO;
				MTL_FAST_MATH = YES;
				SDKROOT = iphoneos;
				SWIFT_COMPILATION_MODE = wholemodule;
				SWIFT_OPTIMIZATION_LEVEL = "-O";
				VALIDATE_PRODUCT = YES;
			};
			name = Release;
		};
		40EB33A525EC4A0200836BE5 /* Debug */ = {
			isa = XCBuildConfiguration;
			buildSettings = {
				ASSETCATALOG_COMPILER_COMPLICATION_NAME = Complication;
				CODE_SIGN_STYLE = Automatic;
				DEVELOPMENT_ASSET_PATHS = "\"Skunk WatchKit Extension/Preview Content\"";
				DEVELOPMENT_TEAM = RWC965TCNN;
				ENABLE_PREVIEWS = YES;
				INFOPLIST_FILE = "Skunk WatchKit Extension/Info.plist";
				LD_RUNPATH_SEARCH_PATHS = (
					"$(inherited)",
					"@executable_path/Frameworks",
					"@executable_path/../../Frameworks",
				);
				PRODUCT_BUNDLE_IDENTIFIER = skunkgames.Skunk.watchkitapp.watchkitextension;
				PRODUCT_NAME = "${TARGET_NAME}";
				SDKROOT = watchos;
				SKIP_INSTALL = YES;
				SWIFT_VERSION = 5.0;
				TARGETED_DEVICE_FAMILY = 4;
				WATCHOS_DEPLOYMENT_TARGET = 7.2;
			};
			name = Debug;
		};
		40EB33A625EC4A0200836BE5 /* Release */ = {
			isa = XCBuildConfiguration;
			buildSettings = {
				ASSETCATALOG_COMPILER_COMPLICATION_NAME = Complication;
				CODE_SIGN_STYLE = Automatic;
				DEVELOPMENT_ASSET_PATHS = "\"Skunk WatchKit Extension/Preview Content\"";
				DEVELOPMENT_TEAM = RWC965TCNN;
				ENABLE_PREVIEWS = YES;
				INFOPLIST_FILE = "Skunk WatchKit Extension/Info.plist";
				LD_RUNPATH_SEARCH_PATHS = (
					"$(inherited)",
					"@executable_path/Frameworks",
					"@executable_path/../../Frameworks",
				);
				PRODUCT_BUNDLE_IDENTIFIER = skunkgames.Skunk.watchkitapp.watchkitextension;
				PRODUCT_NAME = "${TARGET_NAME}";
				SDKROOT = watchos;
				SKIP_INSTALL = YES;
				SWIFT_VERSION = 5.0;
				TARGETED_DEVICE_FAMILY = 4;
				WATCHOS_DEPLOYMENT_TARGET = 7.2;
			};
			name = Release;
		};
		40EB33A925EC4A0200836BE5 /* Debug */ = {
			isa = XCBuildConfiguration;
			buildSettings = {
				ALWAYS_EMBED_SWIFT_STANDARD_LIBRARIES = YES;
				ASSETCATALOG_COMPILER_APPICON_NAME = AppIcon;
				ASSETCATALOG_COMPILER_GLOBAL_ACCENT_COLOR_NAME = AccentColor;
				CODE_SIGN_STYLE = Automatic;
				DEVELOPMENT_TEAM = RWC965TCNN;
				IBSC_MODULE = Skunk_WatchKit_Extension;
				INFOPLIST_FILE = "Skunk WatchKit App/Info.plist";
				PRODUCT_BUNDLE_IDENTIFIER = skunkgames.Skunk.watchkitapp;
				PRODUCT_NAME = "$(TARGET_NAME)";
				SDKROOT = watchos;
				SKIP_INSTALL = YES;
				SWIFT_VERSION = 5.0;
				TARGETED_DEVICE_FAMILY = 4;
				WATCHOS_DEPLOYMENT_TARGET = 7.2;
			};
			name = Debug;
		};
		40EB33AA25EC4A0200836BE5 /* Release */ = {
			isa = XCBuildConfiguration;
			buildSettings = {
				ALWAYS_EMBED_SWIFT_STANDARD_LIBRARIES = YES;
				ASSETCATALOG_COMPILER_APPICON_NAME = AppIcon;
				ASSETCATALOG_COMPILER_GLOBAL_ACCENT_COLOR_NAME = AccentColor;
				CODE_SIGN_STYLE = Automatic;
				DEVELOPMENT_TEAM = RWC965TCNN;
				IBSC_MODULE = Skunk_WatchKit_Extension;
				INFOPLIST_FILE = "Skunk WatchKit App/Info.plist";
				PRODUCT_BUNDLE_IDENTIFIER = skunkgames.Skunk.watchkitapp;
				PRODUCT_NAME = "$(TARGET_NAME)";
				SDKROOT = watchos;
				SKIP_INSTALL = YES;
				SWIFT_VERSION = 5.0;
				TARGETED_DEVICE_FAMILY = 4;
				WATCHOS_DEPLOYMENT_TARGET = 7.2;
			};
			name = Release;
		};
		40EB33AD25EC4A0200836BE5 /* Debug */ = {
			isa = XCBuildConfiguration;
			buildSettings = {
				CODE_SIGN_STYLE = Automatic;
				CURRENT_PROJECT_VERSION = 1;
				DEVELOPMENT_TEAM = RWC965TCNN;
				MARKETING_VERSION = 1.0;
				PRODUCT_BUNDLE_IDENTIFIER = skunkgames.Skunk;
				PRODUCT_NAME = "$(TARGET_NAME)";
				SWIFT_VERSION = 5.0;
			};
			name = Debug;
		};
		40EB33AE25EC4A0200836BE5 /* Release */ = {
			isa = XCBuildConfiguration;
			buildSettings = {
				CODE_SIGN_STYLE = Automatic;
				CURRENT_PROJECT_VERSION = 1;
				DEVELOPMENT_TEAM = RWC965TCNN;
				MARKETING_VERSION = 1.0;
				PRODUCT_BUNDLE_IDENTIFIER = skunkgames.Skunk;
				PRODUCT_NAME = "$(TARGET_NAME)";
				SWIFT_VERSION = 5.0;
			};
			name = Release;
		};
/* End XCBuildConfiguration section */

/* Begin XCConfigurationList section */
		40EB337925EC4A0000836BE5 /* Build configuration list for PBXProject "Skunk" */ = {
			isa = XCConfigurationList;
			buildConfigurations = (
				40EB33A225EC4A0200836BE5 /* Debug */,
				40EB33A325EC4A0200836BE5 /* Release */,
			);
			defaultConfigurationIsVisible = 0;
			defaultConfigurationName = Release;
		};
		40EB33A425EC4A0200836BE5 /* Build configuration list for PBXNativeTarget "Skunk WatchKit Extension" */ = {
			isa = XCConfigurationList;
			buildConfigurations = (
				40EB33A525EC4A0200836BE5 /* Debug */,
				40EB33A625EC4A0200836BE5 /* Release */,
			);
			defaultConfigurationIsVisible = 0;
			defaultConfigurationName = Release;
		};
		40EB33A825EC4A0200836BE5 /* Build configuration list for PBXNativeTarget "Skunk WatchKit App" */ = {
			isa = XCConfigurationList;
			buildConfigurations = (
				40EB33A925EC4A0200836BE5 /* Debug */,
				40EB33AA25EC4A0200836BE5 /* Release */,
			);
			defaultConfigurationIsVisible = 0;
			defaultConfigurationName = Release;
		};
		40EB33AC25EC4A0200836BE5 /* Build configuration list for PBXNativeTarget "Skunk" */ = {
			isa = XCConfigurationList;
			buildConfigurations = (
				40EB33AD25EC4A0200836BE5 /* Debug */,
				40EB33AE25EC4A0200836BE5 /* Release */,
			);
			defaultConfigurationIsVisible = 0;
			defaultConfigurationName = Release;
		};
/* End XCConfigurationList section */
	};
	rootObject = 40EB337625EC4A0000836BE5 /* Project object */;
}
